
Microsoft Visual Studio Solution File, Format Version 12.00
# Visual Studio 15
VisualStudioVersion = 15.0.27428.2037
MinimumVisualStudioVersion = 10.0.40219.1
Project("{FAE04EC0-301F-11D3-BF4B-00C04F79EFBC}") = "Lab2_OOP", "Lab2_OOP\Lab2_OOP.csproj", "{F8FBDAF7-EAFD-4296-ADA6-C7B87EC5FA54}"
EndProject
Global
	GlobalSection(SolutionConfigurationPlatforms) = preSolution
		Debug|Any CPU = Debug|Any CPU
		Release|Any CPU = Release|Any CPU
	EndGlobalSection
	GlobalSection(ProjectConfigurationPlatforms) = postSolution
		{F8FBDAF7-EAFD-4296-ADA6-C7B87EC5FA54}.Debug|Any CPU.ActiveCfg = Debug|Any CPU
		{F8FBDAF7-EAFD-4296-ADA6-C7B87EC5FA54}.Debug|Any CPU.Build.0 = Debug|Any CPU
		{F8FBDAF7-EAFD-4296-ADA6-C7B87EC5FA54}.Release|Any CPU.ActiveCfg = Release|Any CPU
		{F8FBDAF7-EAFD-4296-ADA6-C7B87EC5FA54}.Release|Any CPU.Build.0 = Release|Any CPU
	EndGlobalSection
	GlobalSection(SolutionProperties) = preSolution
		HideSolutionNode = FALSE
	EndGlobalSection
	GlobalSection(ExtensibilityGlobals) = postSolution
		SolutionGuid = {74AB67F2-BC27-4E4A-BD75-EF9479AAE93E}
	EndGlobalSection
EndGlobal
